
Microsoft Visual Studio Solution File, Format Version 12.00
# Visual Studio Version 17
VisualStudioVersion = 17.0.32014.148
MinimumVisualStudioVersion = 10.0.40219.1
Project("{9A19103F-16F7-4668-BE54-9A1E7A4F7556}") = "ChessAI", "ChessAI\ChessAI.csproj", "{1C0D5BE9-1011-4FDD-9DA3-5FE3F9AFB00B}"
EndProject
Project("{FAE04EC0-301F-11D3-BF4B-00C04F79EFBC}") = "ChessAIBenchmark", "ChessAIBenchmark\ChessAIBenchmark.csproj", "{98D19D50-E0A7-4205-B296-86870079A311}"
EndProject
Global
	GlobalSection(SolutionConfigurationPlatforms) = preSolution
		Debug|Any CPU = Debug|Any CPU
		Release|Any CPU = Release|Any CPU
	EndGlobalSection
	GlobalSection(ProjectConfigurationPlatforms) = postSolution
		{1C0D5BE9-1011-4FDD-9DA3-5FE3F9AFB00B}.Debug|Any CPU.ActiveCfg = Debug|Any CPU
		{1C0D5BE9-1011-4FDD-9DA3-5FE3F9AFB00B}.Debug|Any CPU.Build.0 = Debug|Any CPU
		{1C0D5BE9-1011-4FDD-9DA3-5FE3F9AFB00B}.Release|Any CPU.ActiveCfg = Release|Any CPU
		{1C0D5BE9-1011-4FDD-9DA3-5FE3F9AFB00B}.Release|Any CPU.Build.0 = Release|Any CPU
		{98D19D50-E0A7-4205-B296-86870079A311}.Debug|Any CPU.ActiveCfg = Debug|Any CPU
		{98D19D50-E0A7-4205-B296-86870079A311}.Debug|Any CPU.Build.0 = Debug|Any CPU
		{98D19D50-E0A7-4205-B296-86870079A311}.Release|Any CPU.ActiveCfg = Release|Any CPU
		{98D19D50-E0A7-4205-B296-86870079A311}.Release|Any CPU.Build.0 = Release|Any CPU
	EndGlobalSection
	GlobalSection(SolutionProperties) = preSolution
		HideSolutionNode = FALSE
	EndGlobalSection
	GlobalSection(ExtensibilityGlobals) = postSolution
		SolutionGuid = {4DC1654C-7494-434E-9202-D05AC2285FE8}
	EndGlobalSection
EndGlobal
